
Microsoft Visual Studio Solution File, Format Version 12.00
# Visual Studio Version 17
VisualStudioVersion = 17.1.31911.260
MinimumVisualStudioVersion = 10.0.40219.1
Project("{9A19103F-16F7-4668-BE54-9A1E7A4F7556}") = "BotANick.Console", "BotANick.Console\BotANick.Console.csproj", "{D2BFCD30-A1F8-4D5F-AC4C-5F9B67A7FF73}"
EndProject
Project("{9A19103F-16F7-4668-BE54-9A1E7A4F7556}") = "BotANick.Discord", "BotANick.Discord\BotANick.Discord.csproj", "{DF694B81-945B-4D9A-8E76-E679A954C9E6}"
EndProject
Project("{2150E333-8FDC-42A3-9474-1A3956D46DE8}") = "Solution Items", "Solution Items", "{49BADD41-6850-4049-B333-CC4ADF5F69AD}"
	ProjectSection(SolutionItems) = preProject
		.github\workflows\backupDataBase.yml = .github\workflows\backupDataBase.yml
		.github\workflows\docker.yml = .github\workflows\docker.yml
		.github\workflows\dotnet.yml = .github\workflows\dotnet.yml
	EndProjectSection
EndProject
Global
	GlobalSection(SolutionConfigurationPlatforms) = preSolution
		Debug|Any CPU = Debug|Any CPU
		Release|Any CPU = Release|Any CPU
	EndGlobalSection
	GlobalSection(ProjectConfigurationPlatforms) = postSolution
		{D2BFCD30-A1F8-4D5F-AC4C-5F9B67A7FF73}.Debug|Any CPU.ActiveCfg = Debug|Any CPU
		{D2BFCD30-A1F8-4D5F-AC4C-5F9B67A7FF73}.Debug|Any CPU.Build.0 = Debug|Any CPU
		{D2BFCD30-A1F8-4D5F-AC4C-5F9B67A7FF73}.Release|Any CPU.ActiveCfg = Release|Any CPU
		{D2BFCD30-A1F8-4D5F-AC4C-5F9B67A7FF73}.Release|Any CPU.Build.0 = Release|Any CPU
		{DF694B81-945B-4D9A-8E76-E679A954C9E6}.Debug|Any CPU.ActiveCfg = Debug|Any CPU
		{DF694B81-945B-4D9A-8E76-E679A954C9E6}.Debug|Any CPU.Build.0 = Debug|Any CPU
		{DF694B81-945B-4D9A-8E76-E679A954C9E6}.Release|Any CPU.ActiveCfg = Release|Any CPU
		{DF694B81-945B-4D9A-8E76-E679A954C9E6}.Release|Any CPU.Build.0 = Release|Any CPU
	EndGlobalSection
	GlobalSection(SolutionProperties) = preSolution
		HideSolutionNode = FALSE
	EndGlobalSection
	GlobalSection(ExtensibilityGlobals) = postSolution
		SolutionGuid = {7A461C5A-76B5-482C-B1BD-E35BB753597E}
	EndGlobalSection
EndGlobal
