
Microsoft Visual Studio Solution File, Format Version 12.00
# Visual Studio Version 16
VisualStudioVersion = 16.0.30621.155
MinimumVisualStudioVersion = 10.0.40219.1
Project("{9A19103F-16F7-4668-BE54-9A1E7A4F7556}") = "Bot-A-Nick", "Bot-A-Nick.csproj", "{2BE8A3D8-99E6-44A4-A2BB-D847319A857C}"
EndProject
Project("{FAE04EC0-301F-11D3-BF4B-00C04F79EFBC}") = "MainConsole", "..\TwitchBot\MainConsole.csproj", "{DF990666-6534-428B-8445-5041DCDFB412}"
EndProject
Global
	GlobalSection(SolutionConfigurationPlatforms) = preSolution
		Debug|Any CPU = Debug|Any CPU
		Release|Any CPU = Release|Any CPU
	EndGlobalSection
	GlobalSection(ProjectConfigurationPlatforms) = postSolution
		{2BE8A3D8-99E6-44A4-A2BB-D847319A857C}.Debug|Any CPU.ActiveCfg = Debug|Any CPU
		{2BE8A3D8-99E6-44A4-A2BB-D847319A857C}.Debug|Any CPU.Build.0 = Debug|Any CPU
		{2BE8A3D8-99E6-44A4-A2BB-D847319A857C}.Release|Any CPU.ActiveCfg = Release|Any CPU
		{2BE8A3D8-99E6-44A4-A2BB-D847319A857C}.Release|Any CPU.Build.0 = Release|Any CPU
		{DF990666-6534-428B-8445-5041DCDFB412}.Debug|Any CPU.ActiveCfg = Debug|Any CPU
		{DF990666-6534-428B-8445-5041DCDFB412}.Debug|Any CPU.Build.0 = Debug|Any CPU
		{DF990666-6534-428B-8445-5041DCDFB412}.Release|Any CPU.ActiveCfg = Release|Any CPU
		{DF990666-6534-428B-8445-5041DCDFB412}.Release|Any CPU.Build.0 = Release|Any CPU
	EndGlobalSection
	GlobalSection(SolutionProperties) = preSolution
		HideSolutionNode = FALSE
	EndGlobalSection
	GlobalSection(ExtensibilityGlobals) = postSolution
		SolutionGuid = {784AAE78-DC5A-4C0D-A1F8-4837E55358DC}
	EndGlobalSection
EndGlobal
