
Microsoft Visual Studio Solution File, Format Version 12.00
# Visual Studio Version 16
VisualStudioVersion = 16.0.30621.155
MinimumVisualStudioVersion = 10.0.40219.1
Project("{9A19103F-16F7-4668-BE54-9A1E7A4F7556}") = "BotANick", "BotANick.csproj", "{2BE8A3D8-99E6-44A4-A2BB-D847319A857C}"
EndProject
Project("{9A19103F-16F7-4668-BE54-9A1E7A4F7556}") = "MainConsole", "..\MainConsole\MainConsole.csproj", "{6A672E62-DA00-497E-9B14-7063F1C54E61}"
EndProject
Project("{FAE04EC0-301F-11D3-BF4B-00C04F79EFBC}") = "TwitchBot", "..\TwitchBot\TwitchBot.csproj", "{77766338-1C17-41FA-8A5C-47131BAD2F3B}"
EndProject
Global
	GlobalSection(SolutionConfigurationPlatforms) = preSolution
		Debug|Any CPU = Debug|Any CPU
		Release|Any CPU = Release|Any CPU
	EndGlobalSection
	GlobalSection(ProjectConfigurationPlatforms) = postSolution
		{2BE8A3D8-99E6-44A4-A2BB-D847319A857C}.Debug|Any CPU.ActiveCfg = Debug|Any CPU
		{2BE8A3D8-99E6-44A4-A2BB-D847319A857C}.Debug|Any CPU.Build.0 = Debug|Any CPU
		{2BE8A3D8-99E6-44A4-A2BB-D847319A857C}.Release|Any CPU.ActiveCfg = Release|Any CPU
		{2BE8A3D8-99E6-44A4-A2BB-D847319A857C}.Release|Any CPU.Build.0 = Release|Any CPU
		{6A672E62-DA00-497E-9B14-7063F1C54E61}.Debug|Any CPU.ActiveCfg = Debug|Any CPU
		{6A672E62-DA00-497E-9B14-7063F1C54E61}.Debug|Any CPU.Build.0 = Debug|Any CPU
		{6A672E62-DA00-497E-9B14-7063F1C54E61}.Release|Any CPU.ActiveCfg = Release|Any CPU
		{6A672E62-DA00-497E-9B14-7063F1C54E61}.Release|Any CPU.Build.0 = Release|Any CPU
		{77766338-1C17-41FA-8A5C-47131BAD2F3B}.Debug|Any CPU.ActiveCfg = Debug|Any CPU
		{77766338-1C17-41FA-8A5C-47131BAD2F3B}.Debug|Any CPU.Build.0 = Debug|Any CPU
		{77766338-1C17-41FA-8A5C-47131BAD2F3B}.Release|Any CPU.ActiveCfg = Release|Any CPU
		{77766338-1C17-41FA-8A5C-47131BAD2F3B}.Release|Any CPU.Build.0 = Release|Any CPU
	EndGlobalSection
	GlobalSection(SolutionProperties) = preSolution
		HideSolutionNode = FALSE
	EndGlobalSection
	GlobalSection(ExtensibilityGlobals) = postSolution
		SolutionGuid = {784AAE78-DC5A-4C0D-A1F8-4837E55358DC}
	EndGlobalSection
EndGlobal
